// !$*UTF8*$!
{
	archiveVersion = 1;
	classes = {
	};
	objectVersion = 55;
	objects = {

/* Begin PBXBuildFile section */
		1BA0EE982859E19100888AB2 /* StringColorConverter+Extension.swift in Sources */ = {isa = PBXBuildFile; fileRef = 1BA0EE952859E19100888AB2 /* StringColorConverter+Extension.swift */; };
		1BA0EE992859E19100888AB2 /* UIImage+Extension.swift in Sources */ = {isa = PBXBuildFile; fileRef = 1BA0EE962859E19100888AB2 /* UIImage+Extension.swift */; };
		1BA0EE9A2859E19100888AB2 /* Color+Extension.swift in Sources */ = {isa = PBXBuildFile; fileRef = 1BA0EE972859E19100888AB2 /* Color+Extension.swift */; };
		1BA0EE9C2859E3D300888AB2 /* ColorCaptureViewController.xib in Resources */ = {isa = PBXBuildFile; fileRef = 1BA0EE9B2859E3D300888AB2 /* ColorCaptureViewController.xib */; };
		1BA0EE9E2859E6B400888AB2 /* ColorModel.mlmodel in Sources */ = {isa = PBXBuildFile; fileRef = 1BA0EE9D2859E6B400888AB2 /* ColorModel.mlmodel */; };
		1BD17492285703F900659821 /* AppDelegate.swift in Sources */ = {isa = PBXBuildFile; fileRef = 1BD17491285703F900659821 /* AppDelegate.swift */; };
		1BD1749B285703FA00659821 /* Assets.xcassets in Resources */ = {isa = PBXBuildFile; fileRef = 1BD1749A285703FA00659821 /* Assets.xcassets */; };
		1BD1749E285703FA00659821 /* LaunchScreen.storyboard in Resources */ = {isa = PBXBuildFile; fileRef = 1BD1749C285703FA00659821 /* LaunchScreen.storyboard */; };
		1BD174A92857048A00659821 /* ColorCaptureViewController.swift in Sources */ = {isa = PBXBuildFile; fileRef = 1BD174A72857048A00659821 /* ColorCaptureViewController.swift */; };
/* End PBXBuildFile section */

/* Begin PBXFileReference section */
		1BA0EE952859E19100888AB2 /* StringColorConverter+Extension.swift */ = {isa = PBXFileReference; fileEncoding = 4; lastKnownFileType = sourcecode.swift; path = "StringColorConverter+Extension.swift"; sourceTree = "<group>"; };
		1BA0EE962859E19100888AB2 /* UIImage+Extension.swift */ = {isa = PBXFileReference; fileEncoding = 4; lastKnownFileType = sourcecode.swift; path = "UIImage+Extension.swift"; sourceTree = "<group>"; };
		1BA0EE972859E19100888AB2 /* Color+Extension.swift */ = {isa = PBXFileReference; fileEncoding = 4; lastKnownFileType = sourcecode.swift; path = "Color+Extension.swift"; sourceTree = "<group>"; };
		1BA0EE9B2859E3D300888AB2 /* ColorCaptureViewController.xib */ = {isa = PBXFileReference; fileEncoding = 4; lastKnownFileType = file.xib; path = ColorCaptureViewController.xib; sourceTree = "<group>"; };
		1BA0EE9D2859E6B400888AB2 /* ColorModel.mlmodel */ = {isa = PBXFileReference; lastKnownFileType = file.mlmodel; path = ColorModel.mlmodel; sourceTree = "<group>"; };
		1BD1748E285703F900659821 /* ColorFrame.app */ = {isa = PBXFileReference; explicitFileType = wrapper.application; includeInIndex = 0; path = ColorFrame.app; sourceTree = BUILT_PRODUCTS_DIR; };
		1BD17491285703F900659821 /* AppDelegate.swift */ = {isa = PBXFileReference; lastKnownFileType = sourcecode.swift; path = AppDelegate.swift; sourceTree = "<group>"; };
		1BD1749A285703FA00659821 /* Assets.xcassets */ = {isa = PBXFileReference; lastKnownFileType = folder.assetcatalog; path = Assets.xcassets; sourceTree = "<group>"; };
		1BD1749D285703FA00659821 /* Base */ = {isa = PBXFileReference; lastKnownFileType = file.storyboard; name = Base; path = Base.lproj/LaunchScreen.storyboard; sourceTree = "<group>"; };
		1BD1749F285703FA00659821 /* Info.plist */ = {isa = PBXFileReference; lastKnownFileType = text.plist.xml; path = Info.plist; sourceTree = "<group>"; };
		1BD174A72857048A00659821 /* ColorCaptureViewController.swift */ = {isa = PBXFileReference; lastKnownFileType = sourcecode.swift; path = ColorCaptureViewController.swift; sourceTree = "<group>"; };
/* End PBXFileReference section */

/* Begin PBXFrameworksBuildPhase section */
		1BD1748B285703F900659821 /* Frameworks */ = {
			isa = PBXFrameworksBuildPhase;
			buildActionMask = 2147483647;
			files = (
			);
			runOnlyForDeploymentPostprocessing = 0;
		};
/* End PBXFrameworksBuildPhase section */

/* Begin PBXGroup section */
		1BA0EE942859E16C00888AB2 /* Extension */ = {
			isa = PBXGroup;
			children = (
				1BA0EE972859E19100888AB2 /* Color+Extension.swift */,
				1BA0EE952859E19100888AB2 /* StringColorConverter+Extension.swift */,
				1BA0EE962859E19100888AB2 /* UIImage+Extension.swift */,
			);
			path = Extension;
			sourceTree = "<group>";
		};
		1BD17485285703F900659821 = {
			isa = PBXGroup;
			children = (
				1BD17490285703F900659821 /* ColorFrame */,
				1BD1748F285703F900659821 /* Products */,
			);
			sourceTree = "<group>";
		};
		1BD1748F285703F900659821 /* Products */ = {
			isa = PBXGroup;
			children = (
				1BD1748E285703F900659821 /* ColorFrame.app */,
			);
			name = Products;
			sourceTree = "<group>";
		};
		1BD17490285703F900659821 /* ColorFrame */ = {
			isa = PBXGroup;
			children = (
				1BD17491285703F900659821 /* AppDelegate.swift */,
				1BD174A72857048A00659821 /* ColorCaptureViewController.swift */,
				1BA0EE9B2859E3D300888AB2 /* ColorCaptureViewController.xib */,
				1BD1749A285703FA00659821 /* Assets.xcassets */,
				1BA0EE9D2859E6B400888AB2 /* ColorModel.mlmodel */,
				1BA0EE942859E16C00888AB2 /* Extension */,
				1BD1749C285703FA00659821 /* LaunchScreen.storyboard */,
				1BD1749F285703FA00659821 /* Info.plist */,
			);
			path = ColorFrame;
			sourceTree = "<group>";
		};
/* End PBXGroup section */

/* Begin PBXNativeTarget section */
		1BD1748D285703F900659821 /* ColorFrame */ = {
			isa = PBXNativeTarget;
			buildConfigurationList = 1BD174A2285703FA00659821 /* Build configuration list for PBXNativeTarget "ColorFrame" */;
			buildPhases = (
				1BD1748A285703F900659821 /* Sources */,
				1BD1748B285703F900659821 /* Frameworks */,
				1BD1748C285703F900659821 /* Resources */,
			);
			buildRules = (
			);
			dependencies = (
			);
			name = ColorFrame;
			productName = ColorFrame;
			productReference = 1BD1748E285703F900659821 /* ColorFrame.app */;
			productType = "com.apple.product-type.application";
		};
/* End PBXNativeTarget section */

/* Begin PBXProject section */
		1BD17486285703F900659821 /* Project object */ = {
			isa = PBXProject;
			attributes = {
				BuildIndependentTargetsInParallel = 1;
				LastSwiftUpdateCheck = 1330;
				LastUpgradeCheck = 1330;
				TargetAttributes = {
					1BD1748D285703F900659821 = {
						CreatedOnToolsVersion = 13.3.1;
					};
				};
			};
			buildConfigurationList = 1BD17489285703F900659821 /* Build configuration list for PBXProject "ColorFrame" */;
			compatibilityVersion = "Xcode 13.0";
			developmentRegion = en;
			hasScannedForEncodings = 0;
			knownRegions = (
				en,
				Base,
			);
			mainGroup = 1BD17485285703F900659821;
			productRefGroup = 1BD1748F285703F900659821 /* Products */;
			projectDirPath = "";
			projectRoot = "";
			targets = (
				1BD1748D285703F900659821 /* ColorFrame */,
			);
		};
/* End PBXProject section */

/* Begin PBXResourcesBuildPhase section */
		1BD1748C285703F900659821 /* Resources */ = {
			isa = PBXResourcesBuildPhase;
			buildActionMask = 2147483647;
			files = (
				1BD1749E285703FA00659821 /* LaunchScreen.storyboard in Resources */,
				1BA0EE9C2859E3D300888AB2 /* ColorCaptureViewController.xib in Resources */,
				1BD1749B285703FA00659821 /* Assets.xcassets in Resources */,
			);
			runOnlyForDeploymentPostprocessing = 0;
		};
/* End PBXResourcesBuildPhase section */

/* Begin PBXSourcesBuildPhase section */
		1BD1748A285703F900659821 /* Sources */ = {
			isa = PBXSourcesBuildPhase;
			buildActionMask = 2147483647;
			files = (
				1BA0EE9A2859E19100888AB2 /* Color+Extension.swift in Sources */,
				1BA0EE982859E19100888AB2 /* StringColorConverter+Extension.swift in Sources */,
				1BA0EE992859E19100888AB2 /* UIImage+Extension.swift in Sources */,
				1BD17492285703F900659821 /* AppDelegate.swift in Sources */,
				1BA0EE9E2859E6B400888AB2 /* ColorModel.mlmodel in Sources */,
				1BD174A92857048A00659821 /* ColorCaptureViewController.swift in Sources */,
			);
			runOnlyForDeploymentPostprocessing = 0;
		};
/* End PBXSourcesBuildPhase section */

/* Begin PBXVariantGroup section */
		1BD1749C285703FA00659821 /* LaunchScreen.storyboard */ = {
			isa = PBXVariantGroup;
			children = (
				1BD1749D285703FA00659821 /* Base */,
			);
			name = LaunchScreen.storyboard;
			sourceTree = "<group>";
		};
/* End PBXVariantGroup section */

/* Begin XCBuildConfiguration section */
		1BD174A0285703FA00659821 /* Debug */ = {
			isa = XCBuildConfiguration;
			buildSettings = {
				ALWAYS_SEARCH_USER_PATHS = NO;
				CLANG_ANALYZER_NONNULL = YES;
				CLANG_ANALYZER_NUMBER_OBJECT_CONVERSION = YES_AGGRESSIVE;
				CLANG_CXX_LANGUAGE_STANDARD = "gnu++17";
				CLANG_ENABLE_MODULES = YES;
				CLANG_ENABLE_OBJC_ARC = YES;
				CLANG_ENABLE_OBJC_WEAK = YES;
				CLANG_WARN_BLOCK_CAPTURE_AUTORELEASING = YES;
				CLANG_WARN_BOOL_CONVERSION = YES;
				CLANG_WARN_COMMA = YES;
				CLANG_WARN_CONSTANT_CONVERSION = YES;
				CLANG_WARN_DEPRECATED_OBJC_IMPLEMENTATIONS = YES;
				CLANG_WARN_DIRECT_OBJC_ISA_USAGE = YES_ERROR;
				CLANG_WARN_DOCUMENTATION_COMMENTS = YES;
				CLANG_WARN_EMPTY_BODY = YES;
				CLANG_WARN_ENUM_CONVERSION = YES;
				CLANG_WARN_INFINITE_RECURSION = YES;
				CLANG_WARN_INT_CONVERSION = YES;
				CLANG_WARN_NON_LITERAL_NULL_CONVERSION = YES;
				CLANG_WARN_OBJC_IMPLICIT_RETAIN_SELF = YES;
				CLANG_WARN_OBJC_LITERAL_CONVERSION = YES;
				CLANG_WARN_OBJC_ROOT_CLASS = YES_ERROR;
				CLANG_WARN_QUOTED_INCLUDE_IN_FRAMEWORK_HEADER = YES;
				CLANG_WARN_RANGE_LOOP_ANALYSIS = YES;
				CLANG_WARN_STRICT_PROTOTYPES = YES;
				CLANG_WARN_SUSPICIOUS_MOVE = YES;
				CLANG_WARN_UNGUARDED_AVAILABILITY = YES_AGGRESSIVE;
				CLANG_WARN_UNREACHABLE_CODE = YES;
				CLANG_WARN__DUPLICATE_METHOD_MATCH = YES;
				COPY_PHASE_STRIP = NO;
				DEBUG_INFORMATION_FORMAT = dwarf;
				ENABLE_STRICT_OBJC_MSGSEND = YES;
				ENABLE_TESTABILITY = YES;
				GCC_C_LANGUAGE_STANDARD = gnu11;
				GCC_DYNAMIC_NO_PIC = NO;
				GCC_NO_COMMON_BLOCKS = YES;
				GCC_OPTIMIZATION_LEVEL = 0;
				GCC_PREPROCESSOR_DEFINITIONS = (
					"DEBUG=1",
					"$(inherited)",
				);
				GCC_WARN_64_TO_32_BIT_CONVERSION = YES;
				GCC_WARN_ABOUT_RETURN_TYPE = YES_ERROR;
				GCC_WARN_UNDECLARED_SELECTOR = YES;
				GCC_WARN_UNINITIALIZED_AUTOS = YES_AGGRESSIVE;
				GCC_WARN_UNUSED_FUNCTION = YES;
				GCC_WARN_UNUSED_VARIABLE = YES;
				IPHONEOS_DEPLOYMENT_TARGET = 15.4;
				MTL_ENABLE_DEBUG_INFO = INCLUDE_SOURCE;
				MTL_FAST_MATH = YES;
				ONLY_ACTIVE_ARCH = YES;
				SDKROOT = iphoneos;
				SWIFT_ACTIVE_COMPILATION_CONDITIONS = DEBUG;
				SWIFT_OPTIMIZATION_LEVEL = "-Onone";
			};
			name = Debug;
		};
		1BD174A1285703FA00659821 /* Release */ = {
			isa = XCBuildConfiguration;
			buildSettings = {
				ALWAYS_SEARCH_USER_PATHS = NO;
				CLANG_ANALYZER_NONNULL = YES;
				CLANG_ANALYZER_NUMBER_OBJECT_CONVERSION = YES_AGGRESSIVE;
				CLANG_CXX_LANGUAGE_STANDARD = "gnu++17";
				CLANG_ENABLE_MODULES = YES;
				CLANG_ENABLE_OBJC_ARC = YES;
				CLANG_ENABLE_OBJC_WEAK = YES;
				CLANG_WARN_BLOCK_CAPTURE_AUTORELEASING = YES;
				CLANG_WARN_BOOL_CONVERSION = YES;
				CLANG_WARN_COMMA = YES;
				CLANG_WARN_CONSTANT_CONVERSION = YES;
				CLANG_WARN_DEPRECATED_OBJC_IMPLEMENTATIONS = YES;
				CLANG_WARN_DIRECT_OBJC_ISA_USAGE = YES_ERROR;
				CLANG_WARN_DOCUMENTATION_COMMENTS = YES;
				CLANG_WARN_EMPTY_BODY = YES;
				CLANG_WARN_ENUM_CONVERSION = YES;
				CLANG_WARN_INFINITE_RECURSION = YES;
				CLANG_WARN_INT_CONVERSION = YES;
				CLANG_WARN_NON_LITERAL_NULL_CONVERSION = YES;
				CLANG_WARN_OBJC_IMPLICIT_RETAIN_SELF = YES;
				CLANG_WARN_OBJC_LITERAL_CONVERSION = YES;
				CLANG_WARN_OBJC_ROOT_CLASS = YES_ERROR;
				CLANG_WARN_QUOTED_INCLUDE_IN_FRAMEWORK_HEADER = YES;
				CLANG_WARN_RANGE_LOOP_ANALYSIS = YES;
				CLANG_WARN_STRICT_PROTOTYPES = YES;
				CLANG_WARN_SUSPICIOUS_MOVE = YES;
				CLANG_WARN_UNGUARDED_AVAILABILITY = YES_AGGRESSIVE;
				CLANG_WARN_UNREACHABLE_CODE = YES;
				CLANG_WARN__DUPLICATE_METHOD_MATCH = YES;
				COPY_PHASE_STRIP = NO;
				DEBUG_INFORMATION_FORMAT = "dwarf-with-dsym";
				ENABLE_NS_ASSERTIONS = NO;
				ENABLE_STRICT_OBJC_MSGSEND = YES;
				GCC_C_LANGUAGE_STANDARD = gnu11;
				GCC_NO_COMMON_BLOCKS = YES;
				GCC_WARN_64_TO_32_BIT_CONVERSION = YES;
				GCC_WARN_ABOUT_RETURN_TYPE = YES_ERROR;
				GCC_WARN_UNDECLARED_SELECTOR = YES;
				GCC_WARN_UNINITIALIZED_AUTOS = YES_AGGRESSIVE;
				GCC_WARN_UNUSED_FUNCTION = YES;
				GCC_WARN_UNUSED_VARIABLE = YES;
				IPHONEOS_DEPLOYMENT_TARGET = 15.4;
				MTL_ENABLE_DEBUG_INFO = NO;
				MTL_FAST_MATH = YES;
				SDKROOT = iphoneos;
				SWIFT_COMPILATION_MODE = wholemodule;
				SWIFT_OPTIMIZATION_LEVEL = "-O";
				VALIDATE_PRODUCT = YES;
			};
			name = Release;
		};
		1BD174A3285703FA00659821 /* Debug */ = {
			isa = XCBuildConfiguration;
			buildSettings = {
				ASSETCATALOG_COMPILER_APPICON_NAME = AppIcon;
				ASSETCATALOG_COMPILER_GLOBAL_ACCENT_COLOR_NAME = AccentColor;
				CODE_SIGN_IDENTITY = "iPhone Developer";
				CODE_SIGN_STYLE = Manual;
				CURRENT_PROJECT_VERSION = 1;
				DEVELOPMENT_TEAM = Z5MZZFPUU6;
				GENERATE_INFOPLIST_FILE = YES;
				INFOPLIST_FILE = ColorFrame/Info.plist;
				INFOPLIST_KEY_NSCameraUsageDescription = "Need to access camera to capture a picture";
				INFOPLIST_KEY_UIApplicationSupportsIndirectInputEvents = YES;
				INFOPLIST_KEY_UILaunchStoryboardName = LaunchScreen;
				INFOPLIST_KEY_UISupportedInterfaceOrientations = UIInterfaceOrientationPortrait;
				INFOPLIST_KEY_UISupportedInterfaceOrientations_iPad = "UIInterfaceOrientationPortrait UIInterfaceOrientationPortraitUpsideDown UIInterfaceOrientationLandscapeLeft UIInterfaceOrientationLandscapeRight";
				INFOPLIST_KEY_UISupportedInterfaceOrientations_iPhone = "UIInterfaceOrientationPortrait UIInterfaceOrientationLandscapeLeft UIInterfaceOrientationLandscapeRight";
				INFOPLIST_KEY_UIUserInterfaceStyle = Automatic;
				IPHONEOS_DEPLOYMENT_TARGET = 13.0;
				LD_RUNPATH_SEARCH_PATHS = (
					"$(inherited)",
					"@executable_path/Frameworks",
				);
				MARKETING_VERSION = 1.0;
				PRODUCT_BUNDLE_IDENTIFIER = com.skywinds.test;
				PRODUCT_NAME = "$(TARGET_NAME)";
				PROVISIONING_PROFILE_SPECIFIER = development_test;
				SWIFT_EMIT_LOC_STRINGS = YES;
				SWIFT_VERSION = 5.0;
				TARGETED_DEVICE_FAMILY = "1,2";
			};
			name = Debug;
		};
		1BD174A4285703FA00659821 /* Release */ = {
			isa = XCBuildConfiguration;
			buildSettings = {
				ASSETCATALOG_COMPILER_APPICON_NAME = AppIcon;
				ASSETCATALOG_COMPILER_GLOBAL_ACCENT_COLOR_NAME = AccentColor;
				CODE_SIGN_IDENTITY = "iPhone Developer";
				CODE_SIGN_STYLE = Manual;
				CURRENT_PROJECT_VERSION = 1;
				DEVELOPMENT_TEAM = Z5MZZFPUU6;
				GENERATE_INFOPLIST_FILE = YES;
				INFOPLIST_FILE = ColorFrame/Info.plist;
				INFOPLIST_KEY_NSCameraUsageDescription = "Need to access camera to capture a picture";
				INFOPLIST_KEY_UIApplicationSupportsIndirectInputEvents = YES;
				INFOPLIST_KEY_UILaunchStoryboardName = LaunchScreen;
				INFOPLIST_KEY_UISupportedInterfaceOrientations = UIInterfaceOrientationPortrait;
				INFOPLIST_KEY_UISupportedInterfaceOrientations_iPad = "UIInterfaceOrientationPortrait UIInterfaceOrientationPortraitUpsideDown UIInterfaceOrientationLandscapeLeft UIInterfaceOrientationLandscapeRight";
				INFOPLIST_KEY_UISupportedInterfaceOrientations_iPhone = "UIInterfaceOrientationPortrait UIInterfaceOrientationLandscapeLeft UIInterfaceOrientationLandscapeRight";
				INFOPLIST_KEY_UIUserInterfaceStyle = Automatic;
				IPHONEOS_DEPLOYMENT_TARGET = 13.0;
				LD_RUNPATH_SEARCH_PATHS = (
					"$(inherited)",
					"@executable_path/Frameworks",
				);
				MARKETING_VERSION = 1.0;
				PRODUCT_BUNDLE_IDENTIFIER = com.skywinds.test;
				PRODUCT_NAME = "$(TARGET_NAME)";
				PROVISIONING_PROFILE_SPECIFIER = development_test;
				SWIFT_EMIT_LOC_STRINGS = YES;
				SWIFT_VERSION = 5.0;
				TARGETED_DEVICE_FAMILY = "1,2";
			};
			name = Release;
		};
/* End XCBuildConfiguration section */

/* Begin XCConfigurationList section */
		1BD17489285703F900659821 /* Build configuration list for PBXProject "ColorFrame" */ = {
			isa = XCConfigurationList;
			buildConfigurations = (
				1BD174A0285703FA00659821 /* Debug */,
				1BD174A1285703FA00659821 /* Release */,
			);
			defaultConfigurationIsVisible = 0;
			defaultConfigurationName = Release;
		};
		1BD174A2285703FA00659821 /* Build configuration list for PBXNativeTarget "ColorFrame" */ = {
			isa = XCConfigurationList;
			buildConfigurations = (
				1BD174A3285703FA00659821 /* Debug */,
				1BD174A4285703FA00659821 /* Release */,
			);
			defaultConfigurationIsVisible = 0;
			defaultConfigurationName = Release;
		};
/* End XCConfigurationList section */
	};
	rootObject = 1BD17486285703F900659821 /* Project object */;
}
